
Microsoft Visual Studio Solution File, Format Version 12.00
# Visual Studio Version 17
VisualStudioVersion = 17.9.34622.214
MinimumVisualStudioVersion = 10.0.40219.1
Project("{FAE04EC0-301F-11D3-BF4B-00C04F79EFBC}") = "T1P1", "T1P1\T1P1.csproj", "{78F4FCFF-E057-4504-A058-4ECC04A81260}"
EndProject
Global
	GlobalSection(SolutionConfigurationPlatforms) = preSolution
		Debug|Any CPU = Debug|Any CPU
		Release|Any CPU = Release|Any CPU
	EndGlobalSection
	GlobalSection(ProjectConfigurationPlatforms) = postSolution
		{78F4FCFF-E057-4504-A058-4ECC04A81260}.Debug|Any CPU.ActiveCfg = Debug|Any CPU
		{78F4FCFF-E057-4504-A058-4ECC04A81260}.Debug|Any CPU.Build.0 = Debug|Any CPU
		{78F4FCFF-E057-4504-A058-4ECC04A81260}.Release|Any CPU.ActiveCfg = Release|Any CPU
		{78F4FCFF-E057-4504-A058-4ECC04A81260}.Release|Any CPU.Build.0 = Release|Any CPU
	EndGlobalSection
	GlobalSection(SolutionProperties) = preSolution
		HideSolutionNode = FALSE
	EndGlobalSection
	GlobalSection(ExtensibilityGlobals) = postSolution
		SolutionGuid = {6A08D6B5-E85B-4946-9631-A207F05D7F0C}
	EndGlobalSection
EndGlobal
