
Microsoft Visual Studio Solution File, Format Version 12.00
# Visual Studio Version 17
VisualStudioVersion = 17.9.34622.214
MinimumVisualStudioVersion = 10.0.40219.1
Project("{FAE04EC0-301F-11D3-BF4B-00C04F79EFBC}") = "T1P3", "T1P3\T1P3.csproj", "{55D96AAA-5D49-4A0E-8BDC-F313EB79787E}"
EndProject
Global
	GlobalSection(SolutionConfigurationPlatforms) = preSolution
		Debug|Any CPU = Debug|Any CPU
		Release|Any CPU = Release|Any CPU
	EndGlobalSection
	GlobalSection(ProjectConfigurationPlatforms) = postSolution
		{55D96AAA-5D49-4A0E-8BDC-F313EB79787E}.Debug|Any CPU.ActiveCfg = Debug|Any CPU
		{55D96AAA-5D49-4A0E-8BDC-F313EB79787E}.Debug|Any CPU.Build.0 = Debug|Any CPU
		{55D96AAA-5D49-4A0E-8BDC-F313EB79787E}.Release|Any CPU.ActiveCfg = Release|Any CPU
		{55D96AAA-5D49-4A0E-8BDC-F313EB79787E}.Release|Any CPU.Build.0 = Release|Any CPU
	EndGlobalSection
	GlobalSection(SolutionProperties) = preSolution
		HideSolutionNode = FALSE
	EndGlobalSection
	GlobalSection(ExtensibilityGlobals) = postSolution
		SolutionGuid = {3EDCDF8D-0A4A-42EA-BE2A-6DFDBE40C254}
	EndGlobalSection
EndGlobal
